Microsoft Visual Studio Solution File, Format Version 12.00
# Visual Studio Version 18
VisualStudioVersion = 18.2.11415.280
MinimumVisualStudioVersion = 10.0.40219.1
Project("{2150E333-8FDC-42A3-9474-1A3956D46DE8}") = "FaceRecognition.Api", "FaceRecognition.Api", "{0D6D2A36-31B2-4D1C-8257-0683384B35F4}"
EndProject
Project("{FAE04EC0-301F-11D3-BF4B-00C04F79EFBC}") = "Face.Api", "FaceRecognition.Api\Face.Api\Face.Api.csproj", "{3CB05D17-7F9C-8B56-0021-FD0C921BF679}"
EndProject
Global
	GlobalSection(SolutionConfigurationPlatforms) = preSolution
		Debug|Any CPU = Debug|Any CPU
		Debug|x64 = Debug|x64
		Release|Any CPU = Release|Any CPU
		Release|x64 = Release|x64
	EndGlobalSection
	GlobalSection(ProjectConfigurationPlatforms) = postSolution
		{3CB05D17-7F9C-8B56-0021-FD0C921BF679}.Debug|Any CPU.ActiveCfg = Debug|Any CPU
		{3CB05D17-7F9C-8B56-0021-FD0C921BF679}.Debug|Any CPU.Build.0 = Debug|Any CPU
		{3CB05D17-7F9C-8B56-0021-FD0C921BF679}.Debug|x64.ActiveCfg = Debug|x64
		{3CB05D17-7F9C-8B56-0021-FD0C921BF679}.Debug|x64.Build.0 = Debug|x64
		{3CB05D17-7F9C-8B56-0021-FD0C921BF679}.Release|Any CPU.ActiveCfg = Release|Any CPU
		{3CB05D17-7F9C-8B56-0021-FD0C921BF679}.Release|Any CPU.Build.0 = Release|Any CPU
		{3CB05D17-7F9C-8B56-0021-FD0C921BF679}.Release|x64.ActiveCfg = Release|x64
		{3CB05D17-7F9C-8B56-0021-FD0C921BF679}.Release|x64.Build.0 = Release|x64
	EndGlobalSection
	GlobalSection(SolutionProperties) = preSolution
		HideSolutionNode = FALSE
	EndGlobalSection
	GlobalSection(NestedProjects) = preSolution
		{3CB05D17-7F9C-8B56-0021-FD0C921BF679} = {0D6D2A36-31B2-4D1C-8257-0683384B35F4}
	EndGlobalSection
	GlobalSection(ExtensibilityGlobals) = postSolution
		SolutionGuid = {EDEBC0A5-6080-4723-9B96-841F96FDC228}
	EndGlobalSection
EndGlobal
